
Microsoft Visual Studio Solution File, Format Version 10.00
# Visual Studio 2008
Project("{FAE04EC0-301F-11D3-BF4B-00C04F79EFBC}") = "StudentAdvisingSystem", "StudentAdvisingSystem.csproj", "{254F091F-EAFF-4599-9DB3-BBCA4D718CA5}"
EndProject
Global
	GlobalSection(SourceCodeControl) = preSolution
		SccNumberOfProjects = 1
		SccProjectUniqueName0 = StudentAdvisingSystem.csproj
		SccProjectName0 = \u0022$/StudentAdvisingSystem.root/StudentAdvisingSystem/StudentAdvisingSystem\u0022,\u0020FAAAAAAA
		SccLocalPath0 = .
		SccProvider0 = MSSCCI:Microsoft\u0020Visual\u0020SourceSafe
	EndGlobalSection
	GlobalSection(SolutionConfigurationPlatforms) = preSolution
		Debug|Any CPU = Debug|Any CPU
		Release|Any CPU = Release|Any CPU
	EndGlobalSection
	GlobalSection(ProjectConfigurationPlatforms) = postSolution
		{254F091F-EAFF-4599-9DB3-BBCA4D718CA5}.Debug|Any CPU.ActiveCfg = Debug|Any CPU
		{254F091F-EAFF-4599-9DB3-BBCA4D718CA5}.Debug|Any CPU.Build.0 = Debug|Any CPU
		{254F091F-EAFF-4599-9DB3-BBCA4D718CA5}.Release|Any CPU.ActiveCfg = Release|Any CPU
		{254F091F-EAFF-4599-9DB3-BBCA4D718CA5}.Release|Any CPU.Build.0 = Release|Any CPU
	EndGlobalSection
	GlobalSection(SolutionProperties) = preSolution
		HideSolutionNode = FALSE
	EndGlobalSection
EndGlobal
